
Microsoft Visual Studio Solution File, Format Version 12.00
# Visual Studio 15
VisualStudioVersion = 15.0.28010.2046
MinimumVisualStudioVersion = 10.0.40219.1
Project("{FAE04EC0-301F-11D3-BF4B-00C04F79EFBC}") = "AsyncFactorialAndSumm", "AsyncFactorialAndSumm\AsyncFactorialAndSumm.csproj", "{06A5BFF2-0DB4-4E77-BBBD-8E6624BE7955}"
EndProject
Global
	GlobalSection(SolutionConfigurationPlatforms) = preSolution
		Debug|Any CPU = Debug|Any CPU
		Release|Any CPU = Release|Any CPU
	EndGlobalSection
	GlobalSection(ProjectConfigurationPlatforms) = postSolution
		{06A5BFF2-0DB4-4E77-BBBD-8E6624BE7955}.Debug|Any CPU.ActiveCfg = Debug|Any CPU
		{06A5BFF2-0DB4-4E77-BBBD-8E6624BE7955}.Debug|Any CPU.Build.0 = Debug|Any CPU
		{06A5BFF2-0DB4-4E77-BBBD-8E6624BE7955}.Release|Any CPU.ActiveCfg = Release|Any CPU
		{06A5BFF2-0DB4-4E77-BBBD-8E6624BE7955}.Release|Any CPU.Build.0 = Release|Any CPU
	EndGlobalSection
	GlobalSection(SolutionProperties) = preSolution
		HideSolutionNode = FALSE
	EndGlobalSection
	GlobalSection(ExtensibilityGlobals) = postSolution
		SolutionGuid = {722C6DA6-6C0C-479B-BF4C-9A6EAD4BF14F}
	EndGlobalSection
EndGlobal
